PODS:
  - FSCalendar (2.8.2)
  - SnapKit (5.0.1)

DEPENDENCIES:
  - FSCalendar
  - SnapKit

SPEC REPOS:
  trunk:
    - FSCalendar
    - SnapKit

SPEC CHECKSUMS:
  FSCalendar: e6a2eb9c571bf0719ed797ef807e08426753c241
  SnapKit: 97b92857e3df3a0c71833cce143274bf6ef8e5eb

PODFILE CHECKSUM: 0ea2078aaaf22632b8c5a9067e0c5215e4577eea

COCOAPODS: 1.11.2
