// !$*UTF8*$!
{
	archiveVersion = 1;
	classes = {
	};
	objectVersion = 55;
	objects = {

/* Begin PBXBuildFile section */
		9419B201270C7F14008BC2FE /* DailyInfoModel.xcdatamodeld in Sources */ = {isa = PBXBuildFile; fileRef = 9419B1FF270C7F14008BC2FE /* DailyInfoModel.xcdatamodeld */; };
		9419B203270C7F50008BC2FE /* DataManager.swift in Sources */ = {isa = PBXBuildFile; fileRef = 9419B202270C7F50008BC2FE /* DataManager.swift */; };
		9419B20B270C8239008BC2FE /* DataManager+DailyInfo.swift in Sources */ = {isa = PBXBuildFile; fileRef = 9419B20A270C8239008BC2FE /* DataManager+DailyInfo.swift */; };
		9419B20E270C833C008BC2FE /* DailyInfoEntity+CoreDataClass.swift in Sources */ = {isa = PBXBuildFile; fileRef = 9419B20C270C833C008BC2FE /* DailyInfoEntity+CoreDataClass.swift */; };
		9419B212270C922F008BC2FE /* ListCell.swift in Sources */ = {isa = PBXBuildFile; fileRef = 9419B211270C922F008BC2FE /* ListCell.swift */; };
		9419B214270DEE19008BC2FE /* CustomHeader.xib in Resources */ = {isa = PBXBuildFile; fileRef = 9419B213270DEE19008BC2FE /* CustomHeader.xib */; };
		9419B216270DEE73008BC2FE /* CustomHeaderView.swift in Sources */ = {isa = PBXBuildFile; fileRef = 9419B215270DEE73008BC2FE /* CustomHeaderView.swift */; };
		9441B46327035DD1009226BB /* AnalysisViewController.swift in Sources */ = {isa = PBXBuildFile; fileRef = 9441B46227035DD1009226BB /* AnalysisViewController.swift */; };
		9441B46827035DFD009226BB /* SettingViewController.swift in Sources */ = {isa = PBXBuildFile; fileRef = 9441B46727035DFD009226BB /* SettingViewController.swift */; };
		9441B46A27035E05009226BB /* ListViewController.swift in Sources */ = {isa = PBXBuildFile; fileRef = 9441B46927035E05009226BB /* ListViewController.swift */; };
		9441B46E27036391009226BB /* TabBarViewController.swift in Sources */ = {isa = PBXBuildFile; fileRef = 9441B46D27036391009226BB /* TabBarViewController.swift */; };
		9441B48227036B66009226BB /* Main.storyboard in Resources */ = {isa = PBXBuildFile; fileRef = 9441B48127036B66009226BB /* Main.storyboard */; };
		9441B484270372AE009226BB /* InputViewController.swift in Sources */ = {isa = PBXBuildFile; fileRef = 9441B483270372AE009226BB /* InputViewController.swift */; };
		945779BE27047E9200A95F57 /* UserInput.swift in Sources */ = {isa = PBXBuildFile; fileRef = 945779BD27047E9200A95F57 /* UserInput.swift */; };
		94925FF62711A42C00E6191D /* UserDefaultSetting.swift in Sources */ = {isa = PBXBuildFile; fileRef = 94925FF52711A42C00E6191D /* UserDefaultSetting.swift */; };
		94925FF827145D5100E6191D /* DataType+Extension.swift in Sources */ = {isa = PBXBuildFile; fileRef = 94925FF727145D5100E6191D /* DataType+Extension.swift */; };
		949AF70427033F0500F3D9B7 /* AppDelegate.swift in Sources */ = {isa = PBXBuildFile; fileRef = 949AF70327033F0500F3D9B7 /* AppDelegate.swift */; };
		949AF70627033F0500F3D9B7 /* SceneDelegate.swift in Sources */ = {isa = PBXBuildFile; fileRef = 949AF70527033F0500F3D9B7 /* SceneDelegate.swift */; };
		949AF70827033F0500F3D9B7 /* CalendarViewController.swift in Sources */ = {isa = PBXBuildFile; fileRef = 949AF70727033F0500F3D9B7 /* CalendarViewController.swift */; };
		949AF70D27033F0800F3D9B7 /* Assets.xcassets in Resources */ = {isa = PBXBuildFile; fileRef = 949AF70C27033F0800F3D9B7 /* Assets.xcassets */; };
		949AF71027033F0800F3D9B7 /* LaunchScreen.storyboard in Resources */ = {isa = PBXBuildFile; fileRef = 949AF70E27033F0800F3D9B7 /* LaunchScreen.storyboard */; };
		BB7AAFCDBAA72106AE873923 /* Pods_DailyRecordProject.framework in Frameworks */ = {isa = PBXBuildFile; fileRef = 0D39FCE0BA9748CD4D2B9BB2 /* Pods_DailyRecordProject.framework */; };
/* End PBXBuildFile section */

/* Begin PBXFileReference section */
		0D39FCE0BA9748CD4D2B9BB2 /* Pods_DailyRecordProject.framework */ = {isa = PBXFileReference; explicitFileType = wrapper.framework; includeInIndex = 0; path = Pods_DailyRecordProject.framework; sourceTree = BUILT_PRODUCTS_DIR; };
		2CDB836D4DB67E4A2A7F8C0C /* Pods-DailyRecordProject.release.xcconfig */ = {isa = PBXFileReference; includeInIndex = 1; lastKnownFileType = text.xcconfig; name = "Pods-DailyRecordProject.release.xcconfig"; path = "Target Support Files/Pods-DailyRecordProject/Pods-DailyRecordProject.release.xcconfig"; sourceTree = "<group>"; };
		4A5F74B6ECA11ACF7A1A3862 /* Pods-DailyRecordProject.debug.xcconfig */ = {isa = PBXFileReference; includeInIndex = 1; lastKnownFileType = text.xcconfig; name = "Pods-DailyRecordProject.debug.xcconfig"; path = "Target Support Files/Pods-DailyRecordProject/Pods-DailyRecordProject.debug.xcconfig"; sourceTree = "<group>"; };
		9419B200270C7F14008BC2FE /* dailyInfoModel.xcdatamodel */ = {isa = PBXFileReference; lastKnownFileType = wrapper.xcdatamodel; path = dailyInfoModel.xcdatamodel; sourceTree = "<group>"; };
		9419B202270C7F50008BC2FE /* DataManager.swift */ = {isa = PBXFileReference; lastKnownFileType = sourcecode.swift; path = DataManager.swift; sourceTree = "<group>"; };
		9419B20A270C8239008BC2FE /* DataManager+DailyInfo.swift */ = {isa = PBXFileReference; lastKnownFileType = sourcecode.swift; path = "DataManager+DailyInfo.swift"; sourceTree = "<group>"; };
		9419B20C270C833C008BC2FE /* DailyInfoEntity+CoreDataClass.swift */ = {isa = PBXFileReference; lastKnownFileType = sourcecode.swift; path = "DailyInfoEntity+CoreDataClass.swift"; sourceTree = SOURCE_ROOT; };
		9419B211270C922F008BC2FE /* ListCell.swift */ = {isa = PBXFileReference; lastKnownFileType = sourcecode.swift; path = ListCell.swift; sourceTree = "<group>"; };
		9419B213270DEE19008BC2FE /* CustomHeader.xib */ = {isa = PBXFileReference; lastKnownFileType = file.xib; path = CustomHeader.xib; sourceTree = "<group>"; };
		9419B215270DEE73008BC2FE /* CustomHeaderView.swift */ = {isa = PBXFileReference; lastKnownFileType = sourcecode.swift; path = CustomHeaderView.swift; sourceTree = "<group>"; };
		9441B46227035DD1009226BB /* AnalysisViewController.swift */ = {isa = PBXFileReference; lastKnownFileType = sourcecode.swift; path = AnalysisViewController.swift; sourceTree = "<group>"; };
		9441B46727035DFD009226BB /* SettingViewController.swift */ = {isa = PBXFileReference; lastKnownFileType = sourcecode.swift; path = SettingViewController.swift; sourceTree = "<group>"; };
		9441B46927035E05009226BB /* ListViewController.swift */ = {isa = PBXFileReference; lastKnownFileType = sourcecode.swift; path = ListViewController.swift; sourceTree = "<group>"; };
		9441B46D27036391009226BB /* TabBarViewController.swift */ = {isa = PBXFileReference; lastKnownFileType = sourcecode.swift; path = TabBarViewController.swift; sourceTree = "<group>"; };
		9441B48127036B66009226BB /* Main.storyboard */ = {isa = PBXFileReference; lastKnownFileType = file.storyboard; path = Main.storyboard; sourceTree = "<group>"; };
		9441B483270372AE009226BB /* InputViewController.swift */ = {isa = PBXFileReference; lastKnownFileType = sourcecode.swift; name = InputViewController.swift; path = Calendar/InputViewController.swift; sourceTree = "<group>"; };
		945779B927047CA000A95F57 /* README.md */ = {isa = PBXFileReference; lastKnownFileType = net.daringfireball.markdown; path = README.md; sourceTree = "<group>"; };
		945779BD27047E9200A95F57 /* UserInput.swift */ = {isa = PBXFileReference; lastKnownFileType = sourcecode.swift; path = UserInput.swift; sourceTree = "<group>"; };
		94925FF52711A42C00E6191D /* UserDefaultSetting.swift */ = {isa = PBXFileReference; lastKnownFileType = sourcecode.swift; path = UserDefaultSetting.swift; sourceTree = "<group>"; };
		94925FF727145D5100E6191D /* DataType+Extension.swift */ = {isa = PBXFileReference; lastKnownFileType = sourcecode.swift; path = "DataType+Extension.swift"; sourceTree = "<group>"; };
		949AF70027033F0500F3D9B7 /* DailyRecordProject.app */ = {isa = PBXFileReference; explicitFileType = wrapper.application; includeInIndex = 0; path = DailyRecordProject.app; sourceTree = BUILT_PRODUCTS_DIR; };
		949AF70327033F0500F3D9B7 /* AppDelegate.swift */ = {isa = PBXFileReference; lastKnownFileType = sourcecode.swift; path = AppDelegate.swift; sourceTree = "<group>"; };
		949AF70527033F0500F3D9B7 /* SceneDelegate.swift */ = {isa = PBXFileReference; lastKnownFileType = sourcecode.swift; path = SceneDelegate.swift; sourceTree = "<group>"; };
		949AF70727033F0500F3D9B7 /* CalendarViewController.swift */ = {isa = PBXFileReference; lastKnownFileType = sourcecode.swift; path = CalendarViewController.swift; sourceTree = "<group>"; };
		949AF70C27033F0800F3D9B7 /* Assets.xcassets */ = {isa = PBXFileReference; lastKnownFileType = folder.assetcatalog; path = Assets.xcassets; sourceTree = "<group>"; };
		949AF70F27033F0800F3D9B7 /* Base */ = {isa = PBXFileReference; lastKnownFileType = file.storyboard; name = Base; path = Base.lproj/LaunchScreen.storyboard; sourceTree = "<group>"; };
		949AF71127033F0800F3D9B7 /* Info.plist */ = {isa = PBXFileReference; lastKnownFileType = text.plist.xml; path = Info.plist; sourceTree = "<group>"; };
/* End PBXFileReference section */

/* Begin PBXFrameworksBuildPhase section */
		949AF6FD27033F0500F3D9B7 /* Frameworks */ = {
			isa = PBXFrameworksBuildPhase;
			buildActionMask = 2147483647;
			files = (
				BB7AAFCDBAA72106AE873923 /* Pods_DailyRecordProject.framework in Frameworks */,
			);
			runOnlyForDeploymentPostprocessing = 0;
		};
/* End PBXFrameworksBuildPhase section */

/* Begin PBXGroup section */
		6AA92894E478CE5FFA38D217 /* Frameworks */ = {
			isa = PBXGroup;
			children = (
				0D39FCE0BA9748CD4D2B9BB2 /* Pods_DailyRecordProject.framework */,
			);
			name = Frameworks;
			sourceTree = "<group>";
		};
		9419B218270DF059008BC2FE /* Extension */ = {
			isa = PBXGroup;
			children = (
			);
			path = Extension;
			sourceTree = "<group>";
		};
		9441B46127035D44009226BB /* Calendar */ = {
			isa = PBXGroup;
			children = (
				949AF70727033F0500F3D9B7 /* CalendarViewController.swift */,
			);
			path = Calendar;
			sourceTree = "<group>";
		};
		9441B46427035DD6009226BB /* Analysis */ = {
			isa = PBXGroup;
			children = (
				9441B46227035DD1009226BB /* AnalysisViewController.swift */,
			);
			path = Analysis;
			sourceTree = "<group>";
		};
		9441B46527035DDF009226BB /* Setting */ = {
			isa = PBXGroup;
			children = (
				9441B46727035DFD009226BB /* SettingViewController.swift */,
			);
			path = Setting;
			sourceTree = "<group>";
		};
		9441B46627035DEC009226BB /* List */ = {
			isa = PBXGroup;
			children = (
				9441B46927035E05009226BB /* ListViewController.swift */,
				9419B211270C922F008BC2FE /* ListCell.swift */,
				9419B213270DEE19008BC2FE /* CustomHeader.xib */,
				9419B215270DEE73008BC2FE /* CustomHeaderView.swift */,
			);
			path = List;
			sourceTree = "<group>";
		};
		945779BA27047D7900A95F57 /* Shared */ = {
			isa = PBXGroup;
			children = (
				9419B1FF270C7F14008BC2FE /* DailyInfoModel.xcdatamodeld */,
				9419B20C270C833C008BC2FE /* DailyInfoEntity+CoreDataClass.swift */,
				9419B202270C7F50008BC2FE /* DataManager.swift */,
				945779BD27047E9200A95F57 /* UserInput.swift */,
				9419B20A270C8239008BC2FE /* DataManager+DailyInfo.swift */,
				94925FF52711A42C00E6191D /* UserDefaultSetting.swift */,
				94925FF727145D5100E6191D /* DataType+Extension.swift */,
			);
			path = Shared;
			sourceTree = "<group>";
		};
		949AF6F727033F0500F3D9B7 = {
			isa = PBXGroup;
			children = (
				9419B218270DF059008BC2FE /* Extension */,
				945779B927047CA000A95F57 /* README.md */,
				945779BA27047D7900A95F57 /* Shared */,
				949AF70227033F0500F3D9B7 /* DailyRecordProject */,
				949AF70127033F0500F3D9B7 /* Products */,
				F1B1CA7B8048CAD0D00CB3E6 /* Pods */,
				6AA92894E478CE5FFA38D217 /* Frameworks */,
			);
			sourceTree = "<group>";
		};
		949AF70127033F0500F3D9B7 /* Products */ = {
			isa = PBXGroup;
			children = (
				949AF70027033F0500F3D9B7 /* DailyRecordProject.app */,
			);
			name = Products;
			sourceTree = "<group>";
		};
		949AF70227033F0500F3D9B7 /* DailyRecordProject */ = {
			isa = PBXGroup;
			children = (
				9441B483270372AE009226BB /* InputViewController.swift */,
				9441B46D27036391009226BB /* TabBarViewController.swift */,
				9441B46627035DEC009226BB /* List */,
				9441B46527035DDF009226BB /* Setting */,
				9441B46427035DD6009226BB /* Analysis */,
				9441B46127035D44009226BB /* Calendar */,
				949AF70327033F0500F3D9B7 /* AppDelegate.swift */,
				949AF70527033F0500F3D9B7 /* SceneDelegate.swift */,
				9441B48127036B66009226BB /* Main.storyboard */,
				949AF70E27033F0800F3D9B7 /* LaunchScreen.storyboard */,
				949AF70C27033F0800F3D9B7 /* Assets.xcassets */,
				949AF71127033F0800F3D9B7 /* Info.plist */,
			);
			path = DailyRecordProject;
			sourceTree = "<group>";
		};
		F1B1CA7B8048CAD0D00CB3E6 /* Pods */ = {
			isa = PBXGroup;
			children = (
				4A5F74B6ECA11ACF7A1A3862 /* Pods-DailyRecordProject.debug.xcconfig */,
				2CDB836D4DB67E4A2A7F8C0C /* Pods-DailyRecordProject.release.xcconfig */,
			);
			path = Pods;
			sourceTree = "<group>";
		};
/* End PBXGroup section */

/* Begin PBXNativeTarget section */
		949AF6FF27033F0500F3D9B7 /* DailyRecordProject */ = {
			isa = PBXNativeTarget;
			buildConfigurationList = 949AF71427033F0800F3D9B7 /* Build configuration list for PBXNativeTarget "DailyRecordProject" */;
			buildPhases = (
				F25B8328472C8E3EB0C4DA53 /* [CP] Check Pods Manifest.lock */,
				949AF6FC27033F0500F3D9B7 /* Sources */,
				949AF6FD27033F0500F3D9B7 /* Frameworks */,
				949AF6FE27033F0500F3D9B7 /* Resources */,
				EADE913BF6AF7177768F257E /* [CP] Embed Pods Frameworks */,
			);
			buildRules = (
			);
			dependencies = (
			);
			name = DailyRecordProject;
			productName = DailyRecordProject;
			productReference = 949AF70027033F0500F3D9B7 /* DailyRecordProject.app */;
			productType = "com.apple.product-type.application";
		};
/* End PBXNativeTarget section */

/* Begin PBXProject section */
		949AF6F827033F0500F3D9B7 /* Project object */ = {
			isa = PBXProject;
			attributes = {
				BuildIndependentTargetsInParallel = 1;
				LastSwiftUpdateCheck = 1300;
				LastUpgradeCheck = 1300;
				TargetAttributes = {
					949AF6FF27033F0500F3D9B7 = {
						CreatedOnToolsVersion = 13.0;
					};
				};
			};
			buildConfigurationList = 949AF6FB27033F0500F3D9B7 /* Build configuration list for PBXProject "DailyRecordProject" */;
			compatibilityVersion = "Xcode 13.0";
			developmentRegion = en;
			hasScannedForEncodings = 0;
			knownRegions = (
				en,
				Base,
			);
			mainGroup = 949AF6F727033F0500F3D9B7;
			productRefGroup = 949AF70127033F0500F3D9B7 /* Products */;
			projectDirPath = "";
			projectRoot = "";
			targets = (
				949AF6FF27033F0500F3D9B7 /* DailyRecordProject */,
			);
		};
/* End PBXProject section */

/* Begin PBXResourcesBuildPhase section */
		949AF6FE27033F0500F3D9B7 /* Resources */ = {
			isa = PBXResourcesBuildPhase;
			buildActionMask = 2147483647;
			files = (
				9441B48227036B66009226BB /* Main.storyboard in Resources */,
				9419B214270DEE19008BC2FE /* CustomHeader.xib in Resources */,
				949AF71027033F0800F3D9B7 /* LaunchScreen.storyboard in Resources */,
				949AF70D27033F0800F3D9B7 /* Assets.xcassets in Resources */,
			);
			runOnlyForDeploymentPostprocessing = 0;
		};
/* End PBXResourcesBuildPhase section */

/* Begin PBXShellScriptBuildPhase section */
		EADE913BF6AF7177768F257E /* [CP] Embed Pods Frameworks */ = {
			isa = PBXShellScriptBuildPhase;
			buildActionMask = 2147483647;
			files = (
			);
			inputFileListPaths = (
				"${PODS_ROOT}/Target Support Files/Pods-DailyRecordProject/Pods-DailyRecordProject-frameworks-${CONFIGURATION}-input-files.xcfilelist",
			);
			name = "[CP] Embed Pods Frameworks";
			outputFileListPaths = (
				"${PODS_ROOT}/Target Support Files/Pods-DailyRecordProject/Pods-DailyRecordProject-frameworks-${CONFIGURATION}-output-files.xcfilelist",
			);
			runOnlyForDeploymentPostprocessing = 0;
			shellPath = /bin/sh;
			shellScript = "\"${PODS_ROOT}/Target Support Files/Pods-DailyRecordProject/Pods-DailyRecordProject-frameworks.sh\"\n";
			showEnvVarsInLog = 0;
		};
		F25B8328472C8E3EB0C4DA53 /* [CP] Check Pods Manifest.lock */ = {
			isa = PBXShellScriptBuildPhase;
			buildActionMask = 2147483647;
			files = (
			);
			inputFileListPaths = (
			);
			inputPaths = (
				"${PODS_PODFILE_DIR_PATH}/Podfile.lock",
				"${PODS_ROOT}/Manifest.lock",
			);
			name = "[CP] Check Pods Manifest.lock";
			outputFileListPaths = (
			);
			outputPaths = (
				"$(DERIVED_FILE_DIR)/Pods-DailyRecordProject-checkManifestLockResult.txt",
			);
			runOnlyForDeploymentPostprocessing = 0;
			shellPath = /bin/sh;
			shellScript = "diff \"${PODS_PODFILE_DIR_PATH}/Podfile.lock\" \"${PODS_ROOT}/Manifest.lock\" > /dev/null\nif [ $? != 0 ] ; then\n    # print error to STDERR\n    echo \"error: The sandbox is not in sync with the Podfile.lock. Run 'pod install' or update your CocoaPods installation.\" >&2\n    exit 1\nfi\n# This output is used by Xcode 'outputs' to avoid re-running this script phase.\necho \"SUCCESS\" > \"${SCRIPT_OUTPUT_FILE_0}\"\n";
			showEnvVarsInLog = 0;
		};
/* End PBXShellScriptBuildPhase section */

/* Begin PBXSourcesBuildPhase section */
		949AF6FC27033F0500F3D9B7 /* Sources */ = {
			isa = PBXSourcesBuildPhase;
			buildActionMask = 2147483647;
			files = (
				9441B46827035DFD009226BB /* SettingViewController.swift in Sources */,
				949AF70827033F0500F3D9B7 /* CalendarViewController.swift in Sources */,
				9441B46A27035E05009226BB /* ListViewController.swift in Sources */,
				9419B212270C922F008BC2FE /* ListCell.swift in Sources */,
				9419B201270C7F14008BC2FE /* DailyInfoModel.xcdatamodeld in Sources */,
				94925FF62711A42C00E6191D /* UserDefaultSetting.swift in Sources */,
				9441B484270372AE009226BB /* InputViewController.swift in Sources */,
				949AF70427033F0500F3D9B7 /* AppDelegate.swift in Sources */,
				9441B46E27036391009226BB /* TabBarViewController.swift in Sources */,
				9419B20B270C8239008BC2FE /* DataManager+DailyInfo.swift in Sources */,
				9441B46327035DD1009226BB /* AnalysisViewController.swift in Sources */,
				9419B216270DEE73008BC2FE /* CustomHeaderView.swift in Sources */,
				9419B203270C7F50008BC2FE /* DataManager.swift in Sources */,
				945779BE27047E9200A95F57 /* UserInput.swift in Sources */,
				9419B20E270C833C008BC2FE /* DailyInfoEntity+CoreDataClass.swift in Sources */,
				94925FF827145D5100E6191D /* DataType+Extension.swift in Sources */,
				949AF70627033F0500F3D9B7 /* SceneDelegate.swift in Sources */,
			);
			runOnlyForDeploymentPostprocessing = 0;
		};
/* End PBXSourcesBuildPhase section */

/* Begin PBXVariantGroup section */
		949AF70E27033F0800F3D9B7 /* LaunchScreen.storyboard */ = {
			isa = PBXVariantGroup;
			children = (
				949AF70F27033F0800F3D9B7 /* Base */,
			);
			name = LaunchScreen.storyboard;
			sourceTree = "<group>";
		};
/* End PBXVariantGroup section */

/* Begin XCBuildConfiguration section */
		949AF71227033F0800F3D9B7 /* Debug */ = {
			isa = XCBuildConfiguration;
			buildSettings = {
				ALWAYS_SEARCH_USER_PATHS = NO;
				CLANG_ANALYZER_NONNULL = YES;
				CLANG_ANALYZER_NUMBER_OBJECT_CONVERSION = YES_AGGRESSIVE;
				CLANG_CXX_LANGUAGE_STANDARD = "gnu++17";
				CLANG_CXX_LIBRARY = "libc++";
				CLANG_ENABLE_MODULES = YES;
				CLANG_ENABLE_OBJC_ARC = YES;
				CLANG_ENABLE_OBJC_WEAK = YES;
				CLANG_WARN_BLOCK_CAPTURE_AUTORELEASING = YES;
				CLANG_WARN_BOOL_CONVERSION = YES;
				CLANG_WARN_COMMA = YES;
				CLANG_WARN_CONSTANT_CONVERSION = YES;
				CLANG_WARN_DEPRECATED_OBJC_IMPLEMENTATIONS = YES;
				CLANG_WARN_DIRECT_OBJC_ISA_USAGE = YES_ERROR;
				CLANG_WARN_DOCUMENTATION_COMMENTS = YES;
				CLANG_WARN_EMPTY_BODY = YES;
				CLANG_WARN_ENUM_CONVERSION = YES;
				CLANG_WARN_INFINITE_RECURSION = YES;
				CLANG_WARN_INT_CONVERSION = YES;
				CLANG_WARN_NON_LITERAL_NULL_CONVERSION = YES;
				CLANG_WARN_OBJC_IMPLICIT_RETAIN_SELF = YES;
				CLANG_WARN_OBJC_LITERAL_CONVERSION = YES;
				CLANG_WARN_OBJC_ROOT_CLASS = YES_ERROR;
				CLANG_WARN_QUOTED_INCLUDE_IN_FRAMEWORK_HEADER = YES;
				CLANG_WARN_RANGE_LOOP_ANALYSIS = YES;
				CLANG_WARN_STRICT_PROTOTYPES = YES;
				CLANG_WARN_SUSPICIOUS_MOVE = YES;
				CLANG_WARN_UNGUARDED_AVAILABILITY = YES_AGGRESSIVE;
				CLANG_WARN_UNREACHABLE_CODE = YES;
				CLANG_WARN__DUPLICATE_METHOD_MATCH = YES;
				COPY_PHASE_STRIP = NO;
				DEBUG_INFORMATION_FORMAT = dwarf;
				ENABLE_STRICT_OBJC_MSGSEND = YES;
				ENABLE_TESTABILITY = YES;
				GCC_C_LANGUAGE_STANDARD = gnu11;
				GCC_DYNAMIC_NO_PIC = NO;
				GCC_NO_COMMON_BLOCKS = YES;
				GCC_OPTIMIZATION_LEVEL = 0;
				GCC_PREPROCESSOR_DEFINITIONS = (
					"DEBUG=1",
					"$(inherited)",
				);
				GCC_WARN_64_TO_32_BIT_CONVERSION = YES;
				GCC_WARN_ABOUT_RETURN_TYPE = YES_ERROR;
				GCC_WARN_UNDECLARED_SELECTOR = YES;
				GCC_WARN_UNINITIALIZED_AUTOS = YES_AGGRESSIVE;
				GCC_WARN_UNUSED_FUNCTION = YES;
				GCC_WARN_UNUSED_VARIABLE = YES;
				IPHONEOS_DEPLOYMENT_TARGET = 15.0;
				MTL_ENABLE_DEBUG_INFO = INCLUDE_SOURCE;
				MTL_FAST_MATH = YES;
				ONLY_ACTIVE_ARCH = YES;
				SDKROOT = iphoneos;
				SWIFT_ACTIVE_COMPILATION_CONDITIONS = DEBUG;
				SWIFT_OPTIMIZATION_LEVEL = "-Onone";
			};
			name = Debug;
		};
		949AF71327033F0800F3D9B7 /* Release */ = {
			isa = XCBuildConfiguration;
			buildSettings = {
				ALWAYS_SEARCH_USER_PATHS = NO;
				CLANG_ANALYZER_NONNULL = YES;
				CLANG_ANALYZER_NUMBER_OBJECT_CONVERSION = YES_AGGRESSIVE;
				CLANG_CXX_LANGUAGE_STANDARD = "gnu++17";
				CLANG_CXX_LIBRARY = "libc++";
				CLANG_ENABLE_MODULES = YES;
				CLANG_ENABLE_OBJC_ARC = YES;
				CLANG_ENABLE_OBJC_WEAK = YES;
				CLANG_WARN_BLOCK_CAPTURE_AUTORELEASING = YES;
				CLANG_WARN_BOOL_CONVERSION = YES;
				CLANG_WARN_COMMA = YES;
				CLANG_WARN_CONSTANT_CONVERSION = YES;
				CLANG_WARN_DEPRECATED_OBJC_IMPLEMENTATIONS = YES;
				CLANG_WARN_DIRECT_OBJC_ISA_USAGE = YES_ERROR;
				CLANG_WARN_DOCUMENTATION_COMMENTS = YES;
				CLANG_WARN_EMPTY_BODY = YES;
				CLANG_WARN_ENUM_CONVERSION = YES;
				CLANG_WARN_INFINITE_RECURSION = YES;
				CLANG_WARN_INT_CONVERSION = YES;
				CLANG_WARN_NON_LITERAL_NULL_CONVERSION = YES;
				CLANG_WARN_OBJC_IMPLICIT_RETAIN_SELF = YES;
				CLANG_WARN_OBJC_LITERAL_CONVERSION = YES;
				CLANG_WARN_OBJC_ROOT_CLASS = YES_ERROR;
				CLANG_WARN_QUOTED_INCLUDE_IN_FRAMEWORK_HEADER = YES;
				CLANG_WARN_RANGE_LOOP_ANALYSIS = YES;
				CLANG_WARN_STRICT_PROTOTYPES = YES;
				CLANG_WARN_SUSPICIOUS_MOVE = YES;
				CLANG_WARN_UNGUARDED_AVAILABILITY = YES_AGGRESSIVE;
				CLANG_WARN_UNREACHABLE_CODE = YES;
				CLANG_WARN__DUPLICATE_METHOD_MATCH = YES;
				COPY_PHASE_STRIP = NO;
				DEBUG_INFORMATION_FORMAT = "dwarf-with-dsym";
				ENABLE_NS_ASSERTIONS = NO;
				ENABLE_STRICT_OBJC_MSGSEND = YES;
				GCC_C_LANGUAGE_STANDARD = gnu11;
				GCC_NO_COMMON_BLOCKS = YES;
				GCC_WARN_64_TO_32_BIT_CONVERSION = YES;
				GCC_WARN_ABOUT_RETURN_TYPE = YES_ERROR;
				GCC_WARN_UNDECLARED_SELECTOR = YES;
				GCC_WARN_UNINITIALIZED_AUTOS = YES_AGGRESSIVE;
				GCC_WARN_UNUSED_FUNCTION = YES;
				GCC_WARN_UNUSED_VARIABLE = YES;
				IPHONEOS_DEPLOYMENT_TARGET = 15.0;
				MTL_ENABLE_DEBUG_INFO = NO;
				MTL_FAST_MATH = YES;
				SDKROOT = iphoneos;
				SWIFT_COMPILATION_MODE = wholemodule;
				SWIFT_OPTIMIZATION_LEVEL = "-O";
				VALIDATE_PRODUCT = YES;
			};
			name = Release;
		};
		949AF71527033F0800F3D9B7 /* Debug */ = {
			isa = XCBuildConfiguration;
			baseConfigurationReference = 4A5F74B6ECA11ACF7A1A3862 /* Pods-DailyRecordProject.debug.xcconfig */;
			buildSettings = {
				ASSETCATALOG_COMPILER_APPICON_NAME = AppIcon;
				ASSETCATALOG_COMPILER_GLOBAL_ACCENT_COLOR_NAME = AccentColor;
				CODE_SIGN_STYLE = Automatic;
				CURRENT_PROJECT_VERSION = 1;
				DEVELOPMENT_TEAM = 56M5N9M2PX;
				GENERATE_INFOPLIST_FILE = YES;
				INFOPLIST_FILE = DailyRecordProject/Info.plist;
				INFOPLIST_KEY_NSMainNibFile = Main;
				INFOPLIST_KEY_UIApplicationSupportsIndirectInputEvents = YES;
				INFOPLIST_KEY_UILaunchStoryboardName = LaunchScreen;
				INFOPLIST_KEY_UISupportedInterfaceOrientations_iPad = "UIInterfaceOrientationPortrait UIInterfaceOrientationPortraitUpsideDown UIInterfaceOrientationLandscapeLeft UIInterfaceOrientationLandscapeRight";
				INFOPLIST_KEY_UISupportedInterfaceOrientations_iPhone = "UIInterfaceOrientationPortrait UIInterfaceOrientationLandscapeLeft UIInterfaceOrientationLandscapeRight";
				IPHONEOS_DEPLOYMENT_TARGET = 13.0;
				LD_RUNPATH_SEARCH_PATHS = (
					"$(inherited)",
					"@executable_path/Frameworks",
				);
				MARKETING_VERSION = 1.0;
				PRODUCT_BUNDLE_IDENTIFIER = com.gmail.whqtkf12.dailyRecordProject.DailyRecordProject;
				PRODUCT_NAME = "$(TARGET_NAME)";
				SWIFT_EMIT_LOC_STRINGS = YES;
				SWIFT_VERSION = 5.0;
				TARGETED_DEVICE_FAMILY = "1,2";
			};
			name = Debug;
		};
		949AF71627033F0800F3D9B7 /* Release */ = {
			isa = XCBuildConfiguration;
			baseConfigurationReference = 2CDB836D4DB67E4A2A7F8C0C /* Pods-DailyRecordProject.release.xcconfig */;
			buildSettings = {
				ASSETCATALOG_COMPILER_APPICON_NAME = AppIcon;
				ASSETCATALOG_COMPILER_GLOBAL_ACCENT_COLOR_NAME = AccentColor;
				CODE_SIGN_STYLE = Automatic;
				CURRENT_PROJECT_VERSION = 1;
				DEVELOPMENT_TEAM = 56M5N9M2PX;
				GENERATE_INFOPLIST_FILE = YES;
				INFOPLIST_FILE = DailyRecordProject/Info.plist;
				INFOPLIST_KEY_NSMainNibFile = Main;
				INFOPLIST_KEY_UIApplicationSupportsIndirectInputEvents = YES;
				INFOPLIST_KEY_UILaunchStoryboardName = LaunchScreen;
				INFOPLIST_KEY_UISupportedInterfaceOrientations_iPad = "UIInterfaceOrientationPortrait UIInterfaceOrientationPortraitUpsideDown UIInterfaceOrientationLandscapeLeft UIInterfaceOrientationLandscapeRight";
				INFOPLIST_KEY_UISupportedInterfaceOrientations_iPhone = "UIInterfaceOrientationPortrait UIInterfaceOrientationLandscapeLeft UIInterfaceOrientationLandscapeRight";
				IPHONEOS_DEPLOYMENT_TARGET = 13.0;
				LD_RUNPATH_SEARCH_PATHS = (
					"$(inherited)",
					"@executable_path/Frameworks",
				);
				MARKETING_VERSION = 1.0;
				PRODUCT_BUNDLE_IDENTIFIER = com.gmail.whqtkf12.dailyRecordProject.DailyRecordProject;
				PRODUCT_NAME = "$(TARGET_NAME)";
				SWIFT_EMIT_LOC_STRINGS = YES;
				SWIFT_VERSION = 5.0;
				TARGETED_DEVICE_FAMILY = "1,2";
			};
			name = Release;
		};
/* End XCBuildConfiguration section */

/* Begin XCConfigurationList section */
		949AF6FB27033F0500F3D9B7 /* Build configuration list for PBXProject "DailyRecordProject" */ = {
			isa = XCConfigurationList;
			buildConfigurations = (
				949AF71227033F0800F3D9B7 /* Debug */,
				949AF71327033F0800F3D9B7 /* Release */,
			);
			defaultConfigurationIsVisible = 0;
			defaultConfigurationName = Release;
		};
		949AF71427033F0800F3D9B7 /* Build configuration list for PBXNativeTarget "DailyRecordProject" */ = {
			isa = XCConfigurationList;
			buildConfigurations = (
				949AF71527033F0800F3D9B7 /* Debug */,
				949AF71627033F0800F3D9B7 /* Release */,
			);
			defaultConfigurationIsVisible = 0;
			defaultConfigurationName = Release;
		};
/* End XCConfigurationList section */

/* Begin XCVersionGroup section */
		9419B1FF270C7F14008BC2FE /* DailyInfoModel.xcdatamodeld */ = {
			isa = XCVersionGroup;
			children = (
				9419B200270C7F14008BC2FE /* dailyInfoModel.xcdatamodel */,
			);
			currentVersion = 9419B200270C7F14008BC2FE /* dailyInfoModel.xcdatamodel */;
			path = DailyInfoModel.xcdatamodeld;
			sourceTree = "<group>";
			versionGroupType = wrapper.xcdatamodel;
		};
/* End XCVersionGroup section */
	};
	rootObject = 949AF6F827033F0500F3D9B7 /* Project object */;
}
